// !$*UTF8*$!
{
	archiveVersion = 1;
	classes = {
	};
	objectVersion = 48;
	objects = {

/* Begin PBXBuildFile section */
		933353FF20312AEA001B3D68 /* CustomCellTableViewCell.m in Sources */ = {isa = PBXBuildFile; fileRef = 933353FD20312AEA001B3D68 /* CustomCellTableViewCell.m */; };
		9333540020312AEA001B3D68 /* CustomCellTableViewCell.xib in Resources */ = {isa = PBXBuildFile; fileRef = 933353FE20312AEA001B3D68 /* CustomCellTableViewCell.xib */; };
		9343299A202D9A8C0027461D /* AppDelegate.m in Sources */ = {isa = PBXBuildFile; fileRef = 93432999202D9A8C0027461D /* AppDelegate.m */; };
		9343299D202D9A8C0027461D /* ViewController.m in Sources */ = {isa = PBXBuildFile; fileRef = 9343299C202D9A8C0027461D /* ViewController.m */; };
		934329A0202D9A8C0027461D /* Main.storyboard in Resources */ = {isa = PBXBuildFile; fileRef = 9343299E202D9A8C0027461D /* Main.storyboard */; };
		934329A2202D9A8C0027461D /* Assets.xcassets in Resources */ = {isa = PBXBuildFile; fileRef = 934329A1202D9A8C0027461D /* Assets.xcassets */; };
		934329A5202D9A8C0027461D /* LaunchScreen.storyboard in Resources */ = {isa = PBXBuildFile; fileRef = 934329A3202D9A8C0027461D /* LaunchScreen.storyboard */; };
		934329A8202D9A8C0027461D /* main.m in Sources */ = {isa = PBXBuildFile; fileRef = 934329A7202D9A8C0027461D /* main.m */; };
		934329B0202D9AAB0027461D /* HeaderWebViewController.m in Sources */ = {isa = PBXBuildFile; fileRef = 934329AF202D9AAB0027461D /* HeaderWebViewController.m */; };
/* End PBXBuildFile section */

/* Begin PBXFileReference section */
		933353FC20312AEA001B3D68 /* CustomCellTableViewCell.h */ = {isa = PBXFileReference; lastKnownFileType = sourcecode.c.h; path = CustomCellTableViewCell.h; sourceTree = "<group>"; };
		933353FD20312AEA001B3D68 /* CustomCellTableViewCell.m */ = {isa = PBXFileReference; lastKnownFileType = sourcecode.c.objc; path = CustomCellTableViewCell.m; sourceTree = "<group>"; };
		933353FE20312AEA001B3D68 /* CustomCellTableViewCell.xib */ = {isa = PBXFileReference; lastKnownFileType = file.xib; path = CustomCellTableViewCell.xib; sourceTree = "<group>"; };
		93432995202D9A8C0027461D /* WTHeaderWebView.app */ = {isa = PBXFileReference; explicitFileType = wrapper.application; includeInIndex = 0; path = WTHeaderWebView.app; sourceTree = BUILT_PRODUCTS_DIR; };
		93432998202D9A8C0027461D /* AppDelegate.h */ = {isa = PBXFileReference; lastKnownFileType = sourcecode.c.h; path = AppDelegate.h; sourceTree = "<group>"; };
		93432999202D9A8C0027461D /* AppDelegate.m */ = {isa = PBXFileReference; lastKnownFileType = sourcecode.c.objc; path = AppDelegate.m; sourceTree = "<group>"; };
		9343299B202D9A8C0027461D /* ViewController.h */ = {isa = PBXFileReference; lastKnownFileType = sourcecode.c.h; path = ViewController.h; sourceTree = "<group>"; };
		9343299C202D9A8C0027461D /* ViewController.m */ = {isa = PBXFileReference; lastKnownFileType = sourcecode.c.objc; path = ViewController.m; sourceTree = "<group>"; };
		9343299F202D9A8C0027461D /* Base */ = {isa = PBXFileReference; lastKnownFileType = file.storyboard; name = Base; path = Base.lproj/Main.storyboard; sourceTree = "<group>"; };
		934329A1202D9A8C0027461D /* Assets.xcassets */ = {isa = PBXFileReference; lastKnownFileType = folder.assetcatalog; path = Assets.xcassets; sourceTree = "<group>"; };
		934329A4202D9A8C0027461D /* Base */ = {isa = PBXFileReference; lastKnownFileType = file.storyboard; name = Base; path = Base.lproj/LaunchScreen.storyboard; sourceTree = "<group>"; };
		934329A6202D9A8C0027461D /* Info.plist */ = {isa = PBXFileReference; lastKnownFileType = text.plist.xml; path = Info.plist; sourceTree = "<group>"; };
		934329A7202D9A8C0027461D /* main.m */ = {isa = PBXFileReference; lastKnownFileType = sourcecode.c.objc; path = main.m; sourceTree = "<group>"; };
		934329AE202D9AAB0027461D /* HeaderWebViewController.h */ = {isa = PBXFileReference; lastKnownFileType = sourcecode.c.h; path = HeaderWebViewController.h; sourceTree = "<group>"; };
		934329AF202D9AAB0027461D /* HeaderWebViewController.m */ = {isa = PBXFileReference; lastKnownFileType = sourcecode.c.objc; path = HeaderWebViewController.m; sourceTree = "<group>"; };
/* End PBXFileReference section */

/* Begin PBXFrameworksBuildPhase section */
		93432992202D9A8C0027461D /* Frameworks */ = {
			isa = PBXFrameworksBuildPhase;
			buildActionMask = 2147483647;
			files = (
			);
			runOnlyForDeploymentPostprocessing = 0;
		};
/* End PBXFrameworksBuildPhase section */

/* Begin PBXGroup section */
		9343298C202D9A8C0027461D = {
			isa = PBXGroup;
			children = (
				93432997202D9A8C0027461D /* WTHeaderWebView */,
				93432996202D9A8C0027461D /* Products */,
			);
			sourceTree = "<group>";
		};
		93432996202D9A8C0027461D /* Products */ = {
			isa = PBXGroup;
			children = (
				93432995202D9A8C0027461D /* WTHeaderWebView.app */,
			);
			name = Products;
			sourceTree = "<group>";
		};
		93432997202D9A8C0027461D /* WTHeaderWebView */ = {
			isa = PBXGroup;
			children = (
				93432998202D9A8C0027461D /* AppDelegate.h */,
				93432999202D9A8C0027461D /* AppDelegate.m */,
				9343299B202D9A8C0027461D /* ViewController.h */,
				9343299C202D9A8C0027461D /* ViewController.m */,
				934329AE202D9AAB0027461D /* HeaderWebViewController.h */,
				934329AF202D9AAB0027461D /* HeaderWebViewController.m */,
				933353FC20312AEA001B3D68 /* CustomCellTableViewCell.h */,
				933353FD20312AEA001B3D68 /* CustomCellTableViewCell.m */,
				933353FE20312AEA001B3D68 /* CustomCellTableViewCell.xib */,
				9343299E202D9A8C0027461D /* Main.storyboard */,
				934329A1202D9A8C0027461D /* Assets.xcassets */,
				934329A3202D9A8C0027461D /* LaunchScreen.storyboard */,
				934329A6202D9A8C0027461D /* Info.plist */,
				934329A7202D9A8C0027461D /* main.m */,
			);
			path = WTHeaderWebView;
			sourceTree = "<group>";
		};
/* End PBXGroup section */

/* Begin PBXNativeTarget section */
		93432994202D9A8C0027461D /* WTHeaderWebView */ = {
			isa = PBXNativeTarget;
			buildConfigurationList = 934329AB202D9A8C0027461D /* Build configuration list for PBXNativeTarget "WTHeaderWebView" */;
			buildPhases = (
				93432991202D9A8C0027461D /* Sources */,
				93432992202D9A8C0027461D /* Frameworks */,
				93432993202D9A8C0027461D /* Resources */,
			);
			buildRules = (
			);
			dependencies = (
			);
			name = WTHeaderWebView;
			productName = WTHeaderWebView;
			productReference = 93432995202D9A8C0027461D /* WTHeaderWebView.app */;
			productType = "com.apple.product-type.application";
		};
/* End PBXNativeTarget section */

/* Begin PBXProject section */
		9343298D202D9A8C0027461D /* Project object */ = {
			isa = PBXProject;
			attributes = {
				LastUpgradeCheck = 0920;
				ORGANIZATIONNAME = "王涛";
				TargetAttributes = {
					93432994202D9A8C0027461D = {
						CreatedOnToolsVersion = 9.2;
						ProvisioningStyle = Manual;
					};
				};
			};
			buildConfigurationList = 93432990202D9A8C0027461D /* Build configuration list for PBXProject "WTHeaderWebView" */;
			compatibilityVersion = "Xcode 8.0";
			developmentRegion = en;
			hasScannedForEncodings = 0;
			knownRegions = (
				en,
				Base,
			);
			mainGroup = 9343298C202D9A8C0027461D;
			productRefGroup = 93432996202D9A8C0027461D /* Products */;
			projectDirPath = "";
			projectRoot = "";
			targets = (
				93432994202D9A8C0027461D /* WTHeaderWebView */,
			);
		};
/* End PBXProject section */

/* Begin PBXResourcesBuildPhase section */
		93432993202D9A8C0027461D /* Resources */ = {
			isa = PBXResourcesBuildPhase;
			buildActionMask = 2147483647;
			files = (
				934329A5202D9A8C0027461D /* LaunchScreen.storyboard in Resources */,
				934329A2202D9A8C0027461D /* Assets.xcassets in Resources */,
				9333540020312AEA001B3D68 /* CustomCellTableViewCell.xib in Resources */,
				934329A0202D9A8C0027461D /* Main.storyboard in Resources */,
			);
			runOnlyForDeploymentPostprocessing = 0;
		};
/* End PBXResourcesBuildPhase section */

/* Begin PBXSourcesBuildPhase section */
		93432991202D9A8C0027461D /* Sources */ = {
			isa = PBXSourcesBuildPhase;
			buildActionMask = 2147483647;
			files = (
				9343299D202D9A8C0027461D /* ViewController.m in Sources */,
				934329A8202D9A8C0027461D /* main.m in Sources */,
				934329B0202D9AAB0027461D /* HeaderWebViewController.m in Sources */,
				933353FF20312AEA001B3D68 /* CustomCellTableViewCell.m in Sources */,
				9343299A202D9A8C0027461D /* AppDelegate.m in Sources */,
			);
			runOnlyForDeploymentPostprocessing = 0;
		};
/* End PBXSourcesBuildPhase section */

/* Begin PBXVariantGroup section */
		9343299E202D9A8C0027461D /* Main.storyboard */ = {
			isa = PBXVariantGroup;
			children = (
				9343299F202D9A8C0027461D /* Base */,
			);
			name = Main.storyboard;
			sourceTree = "<group>";
		};
		934329A3202D9A8C0027461D /* LaunchScreen.storyboard */ = {
			isa = PBXVariantGroup;
			children = (
				934329A4202D9A8C0027461D /* Base */,
			);
			name = LaunchScreen.storyboard;
			sourceTree = "<group>";
		};
/* End PBXVariantGroup section */

/* Begin XCBuildConfiguration section */
		934329A9202D9A8C0027461D /* Debug */ = {
			isa = XCBuildConfiguration;
			buildSettings = {
				ALWAYS_SEARCH_USER_PATHS = NO;
				CLANG_ANALYZER_NONNULL = YES;
				CLANG_ANALYZER_NUMBER_OBJECT_CONVERSION = YES_AGGRESSIVE;
				CLANG_CXX_LANGUAGE_STANDARD = "gnu++14";
				CLANG_CXX_LIBRARY = "libc++";
				CLANG_ENABLE_MODULES = YES;
				CLANG_ENABLE_OBJC_ARC = YES;
				CLANG_WARN_BLOCK_CAPTURE_AUTORELEASING = YES;
				CLANG_WARN_BOOL_CONVERSION = YES;
				CLANG_WARN_COMMA = YES;
				CLANG_WARN_CONSTANT_CONVERSION = YES;
				CLANG_WARN_DIRECT_OBJC_ISA_USAGE = YES_ERROR;
				CLANG_WARN_DOCUMENTATION_COMMENTS = YES;
				CLANG_WARN_EMPTY_BODY = YES;
				CLANG_WARN_ENUM_CONVERSION = YES;
				CLANG_WARN_INFINITE_RECURSION = YES;
				CLANG_WARN_INT_CONVERSION = YES;
				CLANG_WARN_NON_LITERAL_NULL_CONVERSION = YES;
				CLANG_WARN_OBJC_LITERAL_CONVERSION = YES;
				CLANG_WARN_OBJC_ROOT_CLASS = YES_ERROR;
				CLANG_WARN_RANGE_LOOP_ANALYSIS = YES;
				CLANG_WARN_STRICT_PROTOTYPES = YES;
				CLANG_WARN_SUSPICIOUS_MOVE = YES;
				CLANG_WARN_UNGUARDED_AVAILABILITY = YES_AGGRESSIVE;
				CLANG_WARN_UNREACHABLE_CODE = YES;
				CLANG_WARN__DUPLICATE_METHOD_MATCH = YES;
				CODE_SIGN_IDENTITY = "iPhone Developer";
				COPY_PHASE_STRIP = NO;
				DEBUG_INFORMATION_FORMAT = dwarf;
				ENABLE_STRICT_OBJC_MSGSEND = YES;
				ENABLE_TESTABILITY = YES;
				GCC_C_LANGUAGE_STANDARD = gnu11;
				GCC_DYNAMIC_NO_PIC = NO;
				GCC_NO_COMMON_BLOCKS = YES;
				GCC_OPTIMIZATION_LEVEL = 0;
				GCC_PREPROCESSOR_DEFINITIONS = (
					"DEBUG=1",
					"$(inherited)",
				);
				GCC_WARN_64_TO_32_BIT_CONVERSION = YES;
				GCC_WARN_ABOUT_RETURN_TYPE = YES_ERROR;
				GCC_WARN_UNDECLARED_SELECTOR = YES;
				GCC_WARN_UNINITIALIZED_AUTOS = YES_AGGRESSIVE;
				GCC_WARN_UNUSED_FUNCTION = YES;
				GCC_WARN_UNUSED_VARIABLE = YES;
				IPHONEOS_DEPLOYMENT_TARGET = 11.2;
				MTL_ENABLE_DEBUG_INFO = YES;
				ONLY_ACTIVE_ARCH = YES;
				SDKROOT = iphoneos;
			};
			name = Debug;
		};
		934329AA202D9A8C0027461D /* Release */ = {
			isa = XCBuildConfiguration;
			buildSettings = {
				ALWAYS_SEARCH_USER_PATHS = NO;
				CLANG_ANALYZER_NONNULL = YES;
				CLANG_ANALYZER_NUMBER_OBJECT_CONVERSION = YES_AGGRESSIVE;
				CLANG_CXX_LANGUAGE_STANDARD = "gnu++14";
				CLANG_CXX_LIBRARY = "libc++";
				CLANG_ENABLE_MODULES = YES;
				CLANG_ENABLE_OBJC_ARC = YES;
				CLANG_WARN_BLOCK_CAPTURE_AUTORELEASING = YES;
				CLANG_WARN_BOOL_CONVERSION = YES;
				CLANG_WARN_COMMA = YES;
				CLANG_WARN_CONSTANT_CONVERSION = YES;
				CLANG_WARN_DIRECT_OBJC_ISA_USAGE = YES_ERROR;
				CLANG_WARN_DOCUMENTATION_COMMENTS = YES;
				CLANG_WARN_EMPTY_BODY = YES;
				CLANG_WARN_ENUM_CONVERSION = YES;
				CLANG_WARN_INFINITE_RECURSION = YES;
				CLANG_WARN_INT_CONVERSION = YES;
				CLANG_WARN_NON_LITERAL_NULL_CONVERSION = YES;
				CLANG_WARN_OBJC_LITERAL_CONVERSION = YES;
				CLANG_WARN_OBJC_ROOT_CLASS = YES_ERROR;
				CLANG_WARN_RANGE_LOOP_ANALYSIS = YES;
				CLANG_WARN_STRICT_PROTOTYPES = YES;
				CLANG_WARN_SUSPICIOUS_MOVE = YES;
				CLANG_WARN_UNGUARDED_AVAILABILITY = YES_AGGRESSIVE;
				CLANG_WARN_UNREACHABLE_CODE = YES;
				CLANG_WARN__DUPLICATE_METHOD_MATCH = YES;
				CODE_SIGN_IDENTITY = "iPhone Developer";
				COPY_PHASE_STRIP = NO;
				DEBUG_INFORMATION_FORMAT = "dwarf-with-dsym";
				ENABLE_NS_ASSERTIONS = NO;
				ENABLE_STRICT_OBJC_MSGSEND = YES;
				GCC_C_LANGUAGE_STANDARD = gnu11;
				GCC_NO_COMMON_BLOCKS = YES;
				GCC_WARN_64_TO_32_BIT_CONVERSION = YES;
				GCC_WARN_ABOUT_RETURN_TYPE = YES_ERROR;
				GCC_WARN_UNDECLARED_SELECTOR = YES;
				GCC_WARN_UNINITIALIZED_AUTOS = YES_AGGRESSIVE;
				GCC_WARN_UNUSED_FUNCTION = YES;
				GCC_WARN_UNUSED_VARIABLE = YES;
				IPHONEOS_DEPLOYMENT_TARGET = 11.2;
				MTL_ENABLE_DEBUG_INFO = NO;
				SDKROOT = iphoneos;
				VALIDATE_PRODUCT = YES;
			};
			name = Release;
		};
		934329AC202D9A8C0027461D /* Debug */ = {
			isa = XCBuildConfiguration;
			buildSettings = {
				ASSETCATALOG_COMPILER_APPICON_NAME = AppIcon;
				CODE_SIGN_STYLE = Manual;
				DEVELOPMENT_TEAM = Y4FK8UXDXW;
				INFOPLIST_FILE = WTHeaderWebView/Info.plist;
				LD_RUNPATH_SEARCH_PATHS = "$(inherited) @executable_path/Frameworks";
				PRODUCT_BUNDLE_IDENTIFIER = wangtao.WTHeaderWebView;
				PRODUCT_NAME = "$(TARGET_NAME)";
				PROVISIONING_PROFILE = "bdc12bb6-856e-4b7d-b6fb-79cc54f41bb2";
				PROVISIONING_PROFILE_SPECIFIER = "PP For All";
				TARGETED_DEVICE_FAMILY = "1,2";
			};
			name = Debug;
		};
		934329AD202D9A8C0027461D /* Release */ = {
			isa = XCBuildConfiguration;
			buildSettings = {
				ASSETCATALOG_COMPILER_APPICON_NAME = AppIcon;
				CODE_SIGN_STYLE = Manual;
				DEVELOPMENT_TEAM = "";
				INFOPLIST_FILE = WTHeaderWebView/Info.plist;
				LD_RUNPATH_SEARCH_PATHS = "$(inherited) @executable_path/Frameworks";
				PRODUCT_BUNDLE_IDENTIFIER = wangtao.WTHeaderWebView;
				PRODUCT_NAME = "$(TARGET_NAME)";
				PROVISIONING_PROFILE_SPECIFIER = "";
				TARGETED_DEVICE_FAMILY = "1,2";
			};
			name = Release;
		};
/* End XCBuildConfiguration section */

/* Begin XCConfigurationList section */
		93432990202D9A8C0027461D /* Build configuration list for PBXProject "WTHeaderWebView" */ = {
			isa = XCConfigurationList;
			buildConfigurations = (
				934329A9202D9A8C0027461D /* Debug */,
				934329AA202D9A8C0027461D /* Release */,
			);
			defaultConfigurationIsVisible = 0;
			defaultConfigurationName = Release;
		};
		934329AB202D9A8C0027461D /* Build configuration list for PBXNativeTarget "WTHeaderWebView" */ = {
			isa = XCConfigurationList;
			buildConfigurations = (
				934329AC202D9A8C0027461D /* Debug */,
				934329AD202D9A8C0027461D /* Release */,
			);
			defaultConfigurationIsVisible = 0;
			defaultConfigurationName = Release;
		};
/* End XCConfigurationList section */
	};
	rootObject = 9343298D202D9A8C0027461D /* Project object */;
}
